
Microsoft Visual Studio Solution File, Format Version 12.00
# Visual Studio Version 17
VisualStudioVersion = 17.9.34728.123
MinimumVisualStudioVersion = 10.0.40219.1
Project("{FAE04EC0-301F-11D3-BF4B-00C04F79EFBC}") = "MobileMekanikoSystem", "MobileMekanikoSystem\MobileMekanikoSystem.csproj", "{96A78E82-6B55-463E-BE2B-3DE161979898}"
EndProject
Global
	GlobalSection(SolutionConfigurationPlatforms) = preSolution
		Debug|Any CPU = Debug|Any CPU
		Release|Any CPU = Release|Any CPU
	EndGlobalSection
	GlobalSection(ProjectConfigurationPlatforms) = postSolution
		{96A78E82-6B55-463E-BE2B-3DE161979898}.Debug|Any CPU.ActiveCfg = Debug|Any CPU
		{96A78E82-6B55-463E-BE2B-3DE161979898}.Debug|Any CPU.Build.0 = Debug|Any CPU
		{96A78E82-6B55-463E-BE2B-3DE161979898}.Release|Any CPU.ActiveCfg = Release|Any CPU
		{96A78E82-6B55-463E-BE2B-3DE161979898}.Release|Any CPU.Build.0 = Release|Any CPU
	EndGlobalSection
	GlobalSection(SolutionProperties) = preSolution
		HideSolutionNode = FALSE
	EndGlobalSection
	GlobalSection(ExtensibilityGlobals) = postSolution
		SolutionGuid = {F4E8C99E-949E-4100-85C6-AE445F2DF3F6}
	EndGlobalSection
EndGlobal
